
Microsoft Visual Studio Solution File, Format Version 12.00
# Visual Studio Version 17
VisualStudioVersion = 17.11.35327.3
MinimumVisualStudioVersion = 10.0.40219.1
Project("{FAE04EC0-301F-11D3-BF4B-00C04F79EFBC}") = "BaseClass", "BaseClass.csproj", "{95AE31C5-FC4E-417B-B99A-280EBF66CDC9}"
EndProject
Project("{FAE04EC0-301F-11D3-BF4B-00C04F79EFBC}") = "BaseLogger", "..\BaseLogger\BaseLogger.csproj", "{0BAB2E4E-07A1-4111-B4AD-C6684137CA58}"
EndProject
Project("{FAE04EC0-301F-11D3-BF4B-00C04F79EFBC}") = "CustomMessageBox", "..\..\Custom-Message-Box\CustomMessageBox\CustomMessageBox.csproj", "{908D5FCF-4469-FD01-714E-3D2BBC7A762F}"
EndProject
Global
	GlobalSection(SolutionConfigurationPlatforms) = preSolution
		Debug|Any CPU = Debug|Any CPU
		Release|Any CPU = Release|Any CPU
	EndGlobalSection
	GlobalSection(ProjectConfigurationPlatforms) = postSolution
		{95AE31C5-FC4E-417B-B99A-280EBF66CDC9}.Debug|Any CPU.ActiveCfg = Debug|Any CPU
		{95AE31C5-FC4E-417B-B99A-280EBF66CDC9}.Debug|Any CPU.Build.0 = Debug|Any CPU
		{95AE31C5-FC4E-417B-B99A-280EBF66CDC9}.Release|Any CPU.ActiveCfg = Release|Any CPU
		{95AE31C5-FC4E-417B-B99A-280EBF66CDC9}.Release|Any CPU.Build.0 = Release|Any CPU
		{0BAB2E4E-07A1-4111-B4AD-C6684137CA58}.Debug|Any CPU.ActiveCfg = Debug|Any CPU
		{0BAB2E4E-07A1-4111-B4AD-C6684137CA58}.Debug|Any CPU.Build.0 = Debug|Any CPU
		{0BAB2E4E-07A1-4111-B4AD-C6684137CA58}.Release|Any CPU.ActiveCfg = Release|Any CPU
		{0BAB2E4E-07A1-4111-B4AD-C6684137CA58}.Release|Any CPU.Build.0 = Release|Any CPU
		{908D5FCF-4469-FD01-714E-3D2BBC7A762F}.Debug|Any CPU.ActiveCfg = Debug|Any CPU
		{908D5FCF-4469-FD01-714E-3D2BBC7A762F}.Debug|Any CPU.Build.0 = Debug|Any CPU
		{908D5FCF-4469-FD01-714E-3D2BBC7A762F}.Release|Any CPU.ActiveCfg = Release|Any CPU
		{908D5FCF-4469-FD01-714E-3D2BBC7A762F}.Release|Any CPU.Build.0 = Release|Any CPU
	EndGlobalSection
	GlobalSection(SolutionProperties) = preSolution
		HideSolutionNode = FALSE
	EndGlobalSection
	GlobalSection(ExtensibilityGlobals) = postSolution
		SolutionGuid = {FAE0D979-03DC-43F4-AB65-EDD0B855696E}
	EndGlobalSection
EndGlobal
